// !$*UTF8*$!
{
	archiveVersion = 1;
	classes = {
	};
	objectVersion = 56;
	objects = {

/* Begin PBXBuildFile section */
		D4E7D62C2B299DAB000B7842 /* AppDelegate.swift in Sources */ = {isa = PBXBuildFile; fileRef = D4E7D62B2B299DAB000B7842 /* AppDelegate.swift */; };
		D4E7D62E2B299DAB000B7842 /* SceneDelegate.swift in Sources */ = {isa = PBXBuildFile; fileRef = D4E7D62D2B299DAB000B7842 /* SceneDelegate.swift */; };
		D4E7D6302B299DAB000B7842 /* ViewController.swift in Sources */ = {isa = PBXBuildFile; fileRef = D4E7D62F2B299DAB000B7842 /* ViewController.swift */; };
		D4E7D6332B299DAB000B7842 /* Main.storyboard in Resources */ = {isa = PBXBuildFile; fileRef = D4E7D6312B299DAB000B7842 /* Main.storyboard */; };
		D4E7D6352B299DAD000B7842 /* Assets.xcassets in Resources */ = {isa = PBXBuildFile; fileRef = D4E7D6342B299DAD000B7842 /* Assets.xcassets */; };
		D4E7D6382B299DAD000B7842 /* LaunchScreen.storyboard in Resources */ = {isa = PBXBuildFile; fileRef = D4E7D6362B299DAD000B7842 /* LaunchScreen.storyboard */; };
		D4E7D6412B299E8E000B7842 /* FirebaseAnalytics in Frameworks */ = {isa = PBXBuildFile; productRef = D4E7D6402B299E8E000B7842 /* FirebaseAnalytics */; };
		D4E7D6432B299E8E000B7842 /* FirebaseAnalyticsOnDeviceConversion in Frameworks */ = {isa = PBXBuildFile; productRef = D4E7D6422B299E8E000B7842 /* FirebaseAnalyticsOnDeviceConversion */; };
		D4E7D6452B299E8E000B7842 /* FirebaseAnalyticsSwift in Frameworks */ = {isa = PBXBuildFile; productRef = D4E7D6442B299E8E000B7842 /* FirebaseAnalyticsSwift */; };
		D4E7D6472B299E8E000B7842 /* FirebaseAnalyticsWithoutAdIdSupport in Frameworks */ = {isa = PBXBuildFile; productRef = D4E7D6462B299E8E000B7842 /* FirebaseAnalyticsWithoutAdIdSupport */; };
		D4E7D6492B299E8E000B7842 /* FirebaseCrashlytics in Frameworks */ = {isa = PBXBuildFile; productRef = D4E7D6482B299E8E000B7842 /* FirebaseCrashlytics */; };
		D4E7D64B2B299E8E000B7842 /* FirebaseRemoteConfig in Frameworks */ = {isa = PBXBuildFile; productRef = D4E7D64A2B299E8E000B7842 /* FirebaseRemoteConfig */; };
		D4E7D64D2B299E8E000B7842 /* FirebaseRemoteConfigSwift in Frameworks */ = {isa = PBXBuildFile; productRef = D4E7D64C2B299E8E000B7842 /* FirebaseRemoteConfigSwift */; };
		D4E7D64F2B299F47000B7842 /* GoogleService-Info.plist in Resources */ = {isa = PBXBuildFile; fileRef = D4E7D64E2B299F46000B7842 /* GoogleService-Info.plist */; };
/* End PBXBuildFile section */

/* Begin PBXFileReference section */
		D4E7D6282B299DAB000B7842 /* Analytics_Crashlytics_RemoteConfig.app */ = {isa = PBXFileReference; explicitFileType = wrapper.application; includeInIndex = 0; path = Analytics_Crashlytics_RemoteConfig.app; sourceTree = BUILT_PRODUCTS_DIR; };
		D4E7D62B2B299DAB000B7842 /* AppDelegate.swift */ = {isa = PBXFileReference; lastKnownFileType = sourcecode.swift; path = AppDelegate.swift; sourceTree = "<group>"; };
		D4E7D62D2B299DAB000B7842 /* SceneDelegate.swift */ = {isa = PBXFileReference; lastKnownFileType = sourcecode.swift; path = SceneDelegate.swift; sourceTree = "<group>"; };
		D4E7D62F2B299DAB000B7842 /* ViewController.swift */ = {isa = PBXFileReference; lastKnownFileType = sourcecode.swift; path = ViewController.swift; sourceTree = "<group>"; };
		D4E7D6322B299DAB000B7842 /* Base */ = {isa = PBXFileReference; lastKnownFileType = file.storyboard; name = Base; path = Base.lproj/Main.storyboard; sourceTree = "<group>"; };
		D4E7D6342B299DAD000B7842 /* Assets.xcassets */ = {isa = PBXFileReference; lastKnownFileType = folder.assetcatalog; path = Assets.xcassets; sourceTree = "<group>"; };
		D4E7D6372B299DAD000B7842 /* Base */ = {isa = PBXFileReference; lastKnownFileType = file.storyboard; name = Base; path = Base.lproj/LaunchScreen.storyboard; sourceTree = "<group>"; };
		D4E7D6392B299DAD000B7842 /* Info.plist */ = {isa = PBXFileReference; lastKnownFileType = text.plist.xml; path = Info.plist; sourceTree = "<group>"; };
		D4E7D64E2B299F46000B7842 /* GoogleService-Info.plist */ = {isa = PBXFileReference; fileEncoding = 4; lastKnownFileType = text.plist.xml; name = "GoogleService-Info.plist"; path = "../../../Downloads/GoogleService-Info.plist"; sourceTree = "<group>"; };
/* End PBXFileReference section */

/* Begin PBXFrameworksBuildPhase section */
		D4E7D6252B299DAB000B7842 /* Frameworks */ = {
			isa = PBXFrameworksBuildPhase;
			buildActionMask = 2147483647;
			files = (
				D4E7D6452B299E8E000B7842 /* FirebaseAnalyticsSwift in Frameworks */,
				D4E7D6412B299E8E000B7842 /* FirebaseAnalytics in Frameworks */,
				D4E7D6492B299E8E000B7842 /* FirebaseCrashlytics in Frameworks */,
				D4E7D64D2B299E8E000B7842 /* FirebaseRemoteConfigSwift in Frameworks */,
				D4E7D64B2B299E8E000B7842 /* FirebaseRemoteConfig in Frameworks */,
				D4E7D6432B299E8E000B7842 /* FirebaseAnalyticsOnDeviceConversion in Frameworks */,
				D4E7D6472B299E8E000B7842 /* FirebaseAnalyticsWithoutAdIdSupport in Frameworks */,
			);
			runOnlyForDeploymentPostprocessing = 0;
		};
/* End PBXFrameworksBuildPhase section */

/* Begin PBXGroup section */
		D4E7D61F2B299DAA000B7842 = {
			isa = PBXGroup;
			children = (
				D4E7D64E2B299F46000B7842 /* GoogleService-Info.plist */,
				D4E7D62A2B299DAB000B7842 /* Analytics_Crashlytics_RemoteConfig */,
				D4E7D6292B299DAB000B7842 /* Products */,
			);
			sourceTree = "<group>";
		};
		D4E7D6292B299DAB000B7842 /* Products */ = {
			isa = PBXGroup;
			children = (
				D4E7D6282B299DAB000B7842 /* Analytics_Crashlytics_RemoteConfig.app */,
			);
			name = Products;
			sourceTree = "<group>";
		};
		D4E7D62A2B299DAB000B7842 /* Analytics_Crashlytics_RemoteConfig */ = {
			isa = PBXGroup;
			children = (
				D4E7D62B2B299DAB000B7842 /* AppDelegate.swift */,
				D4E7D62D2B299DAB000B7842 /* SceneDelegate.swift */,
				D4E7D62F2B299DAB000B7842 /* ViewController.swift */,
				D4E7D6312B299DAB000B7842 /* Main.storyboard */,
				D4E7D6342B299DAD000B7842 /* Assets.xcassets */,
				D4E7D6362B299DAD000B7842 /* LaunchScreen.storyboard */,
				D4E7D6392B299DAD000B7842 /* Info.plist */,
			);
			path = Analytics_Crashlytics_RemoteConfig;
			sourceTree = "<group>";
		};
/* End PBXGroup section */

/* Begin PBXNativeTarget section */
		D4E7D6272B299DAB000B7842 /* Analytics_Crashlytics_RemoteConfig */ = {
			isa = PBXNativeTarget;
			buildConfigurationList = D4E7D63C2B299DAD000B7842 /* Build configuration list for PBXNativeTarget "Analytics_Crashlytics_RemoteConfig" */;
			buildPhases = (
				D4E7D6242B299DAB000B7842 /* Sources */,
				D4E7D6252B299DAB000B7842 /* Frameworks */,
				D4E7D6262B299DAB000B7842 /* Resources */,
				D4E7D66A2B29B288000B7842 /* Run Script */,
			);
			buildRules = (
			);
			dependencies = (
			);
			name = Analytics_Crashlytics_RemoteConfig;
			packageProductDependencies = (
				D4E7D6402B299E8E000B7842 /* FirebaseAnalytics */,
				D4E7D6422B299E8E000B7842 /* FirebaseAnalyticsOnDeviceConversion */,
				D4E7D6442B299E8E000B7842 /* FirebaseAnalyticsSwift */,
				D4E7D6462B299E8E000B7842 /* FirebaseAnalyticsWithoutAdIdSupport */,
				D4E7D6482B299E8E000B7842 /* FirebaseCrashlytics */,
				D4E7D64A2B299E8E000B7842 /* FirebaseRemoteConfig */,
				D4E7D64C2B299E8E000B7842 /* FirebaseRemoteConfigSwift */,
			);
			productName = Analytics_Crashlytics_RemoteConfig;
			productReference = D4E7D6282B299DAB000B7842 /* Analytics_Crashlytics_RemoteConfig.app */;
			productType = "com.apple.product-type.application";
		};
/* End PBXNativeTarget section */

/* Begin PBXProject section */
		D4E7D6202B299DAB000B7842 /* Project object */ = {
			isa = PBXProject;
			attributes = {
				BuildIndependentTargetsInParallel = 1;
				LastSwiftUpdateCheck = 1420;
				LastUpgradeCheck = 1420;
				TargetAttributes = {
					D4E7D6272B299DAB000B7842 = {
						CreatedOnToolsVersion = 14.2;
					};
				};
			};
			buildConfigurationList = D4E7D6232B299DAB000B7842 /* Build configuration list for PBXProject "Analytics_Crashlytics_RemoteConfig" */;
			compatibilityVersion = "Xcode 14.0";
			developmentRegion = en;
			hasScannedForEncodings = 0;
			knownRegions = (
				en,
				Base,
			);
			mainGroup = D4E7D61F2B299DAA000B7842;
			packageReferences = (
				D4E7D63F2B299E8E000B7842 /* XCRemoteSwiftPackageReference "firebase-ios-sdk" */,
			);
			productRefGroup = D4E7D6292B299DAB000B7842 /* Products */;
			projectDirPath = "";
			projectRoot = "";
			targets = (
				D4E7D6272B299DAB000B7842 /* Analytics_Crashlytics_RemoteConfig */,
			);
		};
/* End PBXProject section */

/* Begin PBXResourcesBuildPhase section */
		D4E7D6262B299DAB000B7842 /* Resources */ = {
			isa = PBXResourcesBuildPhase;
			buildActionMask = 2147483647;
			files = (
				D4E7D6382B299DAD000B7842 /* LaunchScreen.storyboard in Resources */,
				D4E7D64F2B299F47000B7842 /* GoogleService-Info.plist in Resources */,
				D4E7D6352B299DAD000B7842 /* Assets.xcassets in Resources */,
				D4E7D6332B299DAB000B7842 /* Main.storyboard in Resources */,
			);
			runOnlyForDeploymentPostprocessing = 0;
		};
/* End PBXResourcesBuildPhase section */

/* Begin PBXShellScriptBuildPhase section */
		D4E7D66A2B29B288000B7842 /* Run Script */ = {
			isa = PBXShellScriptBuildPhase;
			alwaysOutOfDate = 1;
			buildActionMask = 12;
			files = (
			);
			inputFileListPaths = (
			);
			inputPaths = (
				"${DWARF_DSYM_FOLDER_PATH}/${DWARF_DSYM_FILE_NAME}",
				"${DWARF_DSYM_FOLDER_PATH}/${DWARF_DSYM_FILE_NAME}/Contents/Resources/DWARF/${PRODUCT_NAME}",
				"${DWARF_DSYM_FOLDER_PATH}/${DWARF_DSYM_FILE_NAME}/Contents/Info.plist",
				"$(TARGET_BUILD_DIR)/$(UNLOCALIZED_RESOURCES_FOLDER_PATH)/GoogleService-Info.plist",
				"$(TARGET_BUILD_DIR)/$(EXECUTABLE_PATH)",
			);
			name = "Run Script";
			outputFileListPaths = (
			);
			outputPaths = (
			);
			runOnlyForDeploymentPostprocessing = 0;
			shellPath = /bin/sh;
			shellScript = "\"${BUILD_DIR%/Build/*}/SourcePackages/checkouts/firebase-ios-sdk/Crashlytics/run\"\n";
		};
/* End PBXShellScriptBuildPhase section */

/* Begin PBXSourcesBuildPhase section */
		D4E7D6242B299DAB000B7842 /* Sources */ = {
			isa = PBXSourcesBuildPhase;
			buildActionMask = 2147483647;
			files = (
				D4E7D6302B299DAB000B7842 /* ViewController.swift in Sources */,
				D4E7D62C2B299DAB000B7842 /* AppDelegate.swift in Sources */,
				D4E7D62E2B299DAB000B7842 /* SceneDelegate.swift in Sources */,
			);
			runOnlyForDeploymentPostprocessing = 0;
		};
/* End PBXSourcesBuildPhase section */

/* Begin PBXVariantGroup section */
		D4E7D6312B299DAB000B7842 /* Main.storyboard */ = {
			isa = PBXVariantGroup;
			children = (
				D4E7D6322B299DAB000B7842 /* Base */,
			);
			name = Main.storyboard;
			sourceTree = "<group>";
		};
		D4E7D6362B299DAD000B7842 /* LaunchScreen.storyboard */ = {
			isa = PBXVariantGroup;
			children = (
				D4E7D6372B299DAD000B7842 /* Base */,
			);
			name = LaunchScreen.storyboard;
			sourceTree = "<group>";
		};
/* End PBXVariantGroup section */

/* Begin XCBuildConfiguration section */
		D4E7D63A2B299DAD000B7842 /* Debug */ = {
			isa = XCBuildConfiguration;
			buildSettings = {
				ALWAYS_SEARCH_USER_PATHS = NO;
				CLANG_ANALYZER_NONNULL = YES;
				CLANG_ANALYZER_NUMBER_OBJECT_CONVERSION = YES_AGGRESSIVE;
				CLANG_CXX_LANGUAGE_STANDARD = "gnu++20";
				CLANG_ENABLE_MODULES = YES;
				CLANG_ENABLE_OBJC_ARC = YES;
				CLANG_ENABLE_OBJC_WEAK = YES;
				CLANG_WARN_BLOCK_CAPTURE_AUTORELEASING = YES;
				CLANG_WARN_BOOL_CONVERSION = YES;
				CLANG_WARN_COMMA = YES;
				CLANG_WARN_CONSTANT_CONVERSION = YES;
				CLANG_WARN_DEPRECATED_OBJC_IMPLEMENTATIONS = YES;
				CLANG_WARN_DIRECT_OBJC_ISA_USAGE = YES_ERROR;
				CLANG_WARN_DOCUMENTATION_COMMENTS = YES;
				CLANG_WARN_EMPTY_BODY = YES;
				CLANG_WARN_ENUM_CONVERSION = YES;
				CLANG_WARN_INFINITE_RECURSION = YES;
				CLANG_WARN_INT_CONVERSION = YES;
				CLANG_WARN_NON_LITERAL_NULL_CONVERSION = YES;
				CLANG_WARN_OBJC_IMPLICIT_RETAIN_SELF = YES;
				CLANG_WARN_OBJC_LITERAL_CONVERSION = YES;
				CLANG_WARN_OBJC_ROOT_CLASS = YES_ERROR;
				CLANG_WARN_QUOTED_INCLUDE_IN_FRAMEWORK_HEADER = YES;
				CLANG_WARN_RANGE_LOOP_ANALYSIS = YES;
				CLANG_WARN_STRICT_PROTOTYPES = YES;
				CLANG_WARN_SUSPICIOUS_MOVE = YES;
				CLANG_WARN_UNGUARDED_AVAILABILITY = YES_AGGRESSIVE;
				CLANG_WARN_UNREACHABLE_CODE = YES;
				CLANG_WARN__DUPLICATE_METHOD_MATCH = YES;
				COPY_PHASE_STRIP = NO;
				DEBUG_INFORMATION_FORMAT = dwarf;
				ENABLE_STRICT_OBJC_MSGSEND = YES;
				ENABLE_TESTABILITY = YES;
				GCC_C_LANGUAGE_STANDARD = gnu11;
				GCC_DYNAMIC_NO_PIC = NO;
				GCC_NO_COMMON_BLOCKS = YES;
				GCC_OPTIMIZATION_LEVEL = 0;
				GCC_PREPROCESSOR_DEFINITIONS = (
					"DEBUG=1",
					"$(inherited)",
				);
				GCC_WARN_64_TO_32_BIT_CONVERSION = YES;
				GCC_WARN_ABOUT_RETURN_TYPE = YES_ERROR;
				GCC_WARN_UNDECLARED_SELECTOR = YES;
				GCC_WARN_UNINITIALIZED_AUTOS = YES_AGGRESSIVE;
				GCC_WARN_UNUSED_FUNCTION = YES;
				GCC_WARN_UNUSED_VARIABLE = YES;
				IPHONEOS_DEPLOYMENT_TARGET = 16.2;
				MTL_ENABLE_DEBUG_INFO = INCLUDE_SOURCE;
				MTL_FAST_MATH = YES;
				ONLY_ACTIVE_ARCH = YES;
				SDKROOT = iphoneos;
				SWIFT_ACTIVE_COMPILATION_CONDITIONS = DEBUG;
				SWIFT_OPTIMIZATION_LEVEL = "-Onone";
			};
			name = Debug;
		};
		D4E7D63B2B299DAD000B7842 /* Release */ = {
			isa = XCBuildConfiguration;
			buildSettings = {
				ALWAYS_SEARCH_USER_PATHS = NO;
				CLANG_ANALYZER_NONNULL = YES;
				CLANG_ANALYZER_NUMBER_OBJECT_CONVERSION = YES_AGGRESSIVE;
				CLANG_CXX_LANGUAGE_STANDARD = "gnu++20";
				CLANG_ENABLE_MODULES = YES;
				CLANG_ENABLE_OBJC_ARC = YES;
				CLANG_ENABLE_OBJC_WEAK = YES;
				CLANG_WARN_BLOCK_CAPTURE_AUTORELEASING = YES;
				CLANG_WARN_BOOL_CONVERSION = YES;
				CLANG_WARN_COMMA = YES;
				CLANG_WARN_CONSTANT_CONVERSION = YES;
				CLANG_WARN_DEPRECATED_OBJC_IMPLEMENTATIONS = YES;
				CLANG_WARN_DIRECT_OBJC_ISA_USAGE = YES_ERROR;
				CLANG_WARN_DOCUMENTATION_COMMENTS = YES;
				CLANG_WARN_EMPTY_BODY = YES;
				CLANG_WARN_ENUM_CONVERSION = YES;
				CLANG_WARN_INFINITE_RECURSION = YES;
				CLANG_WARN_INT_CONVERSION = YES;
				CLANG_WARN_NON_LITERAL_NULL_CONVERSION = YES;
				CLANG_WARN_OBJC_IMPLICIT_RETAIN_SELF = YES;
				CLANG_WARN_OBJC_LITERAL_CONVERSION = YES;
				CLANG_WARN_OBJC_ROOT_CLASS = YES_ERROR;
				CLANG_WARN_QUOTED_INCLUDE_IN_FRAMEWORK_HEADER = YES;
				CLANG_WARN_RANGE_LOOP_ANALYSIS = YES;
				CLANG_WARN_STRICT_PROTOTYPES = YES;
				CLANG_WARN_SUSPICIOUS_MOVE = YES;
				CLANG_WARN_UNGUARDED_AVAILABILITY = YES_AGGRESSIVE;
				CLANG_WARN_UNREACHABLE_CODE = YES;
				CLANG_WARN__DUPLICATE_METHOD_MATCH = YES;
				COPY_PHASE_STRIP = NO;
				DEBUG_INFORMATION_FORMAT = "dwarf-with-dsym";
				ENABLE_NS_ASSERTIONS = NO;
				ENABLE_STRICT_OBJC_MSGSEND = YES;
				GCC_C_LANGUAGE_STANDARD = gnu11;
				GCC_NO_COMMON_BLOCKS = YES;
				GCC_WARN_64_TO_32_BIT_CONVERSION = YES;
				GCC_WARN_ABOUT_RETURN_TYPE = YES_ERROR;
				GCC_WARN_UNDECLARED_SELECTOR = YES;
				GCC_WARN_UNINITIALIZED_AUTOS = YES_AGGRESSIVE;
				GCC_WARN_UNUSED_FUNCTION = YES;
				GCC_WARN_UNUSED_VARIABLE = YES;
				IPHONEOS_DEPLOYMENT_TARGET = 16.2;
				MTL_ENABLE_DEBUG_INFO = NO;
				MTL_FAST_MATH = YES;
				SDKROOT = iphoneos;
				SWIFT_COMPILATION_MODE = wholemodule;
				SWIFT_OPTIMIZATION_LEVEL = "-O";
				VALIDATE_PRODUCT = YES;
			};
			name = Release;
		};
		D4E7D63D2B299DAD000B7842 /* Debug */ = {
			isa = XCBuildConfiguration;
			buildSettings = {
				ASSETCATALOG_COMPILER_APPICON_NAME = AppIcon;
				ASSETCATALOG_COMPILER_GLOBAL_ACCENT_COLOR_NAME = AccentColor;
				CODE_SIGN_STYLE = Automatic;
				CURRENT_PROJECT_VERSION = 1;
				DEBUG_INFORMATION_FORMAT = "dwarf-with-dsym";
				DEVELOPMENT_TEAM = HFG85UBJFK;
				GENERATE_INFOPLIST_FILE = YES;
				INFOPLIST_FILE = Analytics_Crashlytics_RemoteConfig/Info.plist;
				INFOPLIST_KEY_UIApplicationSupportsIndirectInputEvents = YES;
				INFOPLIST_KEY_UILaunchStoryboardName = LaunchScreen;
				INFOPLIST_KEY_UISupportedInterfaceOrientations_iPad = "UIInterfaceOrientationPortrait UIInterfaceOrientationPortraitUpsideDown UIInterfaceOrientationLandscapeLeft UIInterfaceOrientationLandscapeRight";
				INFOPLIST_KEY_UISupportedInterfaceOrientations_iPhone = "UIInterfaceOrientationPortrait UIInterfaceOrientationLandscapeLeft UIInterfaceOrientationLandscapeRight";
				LD_RUNPATH_SEARCH_PATHS = (
					"$(inherited)",
					"@executable_path/Frameworks",
				);
				MARKETING_VERSION = 1.0;
				PRODUCT_BUNDLE_IDENTIFIER = "com.vietphuongdo.Analytics-Crashlytics-RemoteConfig";
				PRODUCT_NAME = "$(TARGET_NAME)";
				SWIFT_EMIT_LOC_STRINGS = YES;
				SWIFT_VERSION = 5.0;
				TARGETED_DEVICE_FAMILY = "1,2";
			};
			name = Debug;
		};
		D4E7D63E2B299DAD000B7842 /* Release */ = {
			isa = XCBuildConfiguration;
			buildSettings = {
				ASSETCATALOG_COMPILER_APPICON_NAME = AppIcon;
				ASSETCATALOG_COMPILER_GLOBAL_ACCENT_COLOR_NAME = AccentColor;
				CODE_SIGN_STYLE = Automatic;
				CURRENT_PROJECT_VERSION = 1;
				DEVELOPMENT_TEAM = HFG85UBJFK;
				GENERATE_INFOPLIST_FILE = YES;
				INFOPLIST_FILE = Analytics_Crashlytics_RemoteConfig/Info.plist;
				INFOPLIST_KEY_UIApplicationSupportsIndirectInputEvents = YES;
				INFOPLIST_KEY_UILaunchStoryboardName = LaunchScreen;
				INFOPLIST_KEY_UISupportedInterfaceOrientations_iPad = "UIInterfaceOrientationPortrait UIInterfaceOrientationPortraitUpsideDown UIInterfaceOrientationLandscapeLeft UIInterfaceOrientationLandscapeRight";
				INFOPLIST_KEY_UISupportedInterfaceOrientations_iPhone = "UIInterfaceOrientationPortrait UIInterfaceOrientationLandscapeLeft UIInterfaceOrientationLandscapeRight";
				LD_RUNPATH_SEARCH_PATHS = (
					"$(inherited)",
					"@executable_path/Frameworks",
				);
				MARKETING_VERSION = 1.0;
				PRODUCT_BUNDLE_IDENTIFIER = "com.vietphuongdo.Analytics-Crashlytics-RemoteConfig";
				PRODUCT_NAME = "$(TARGET_NAME)";
				SWIFT_EMIT_LOC_STRINGS = YES;
				SWIFT_VERSION = 5.0;
				TARGETED_DEVICE_FAMILY = "1,2";
			};
			name = Release;
		};
/* End XCBuildConfiguration section */

/* Begin XCConfigurationList section */
		D4E7D6232B299DAB000B7842 /* Build configuration list for PBXProject "Analytics_Crashlytics_RemoteConfig" */ = {
			isa = XCConfigurationList;
			buildConfigurations = (
				D4E7D63A2B299DAD000B7842 /* Debug */,
				D4E7D63B2B299DAD000B7842 /* Release */,
			);
			defaultConfigurationIsVisible = 0;
			defaultConfigurationName = Release;
		};
		D4E7D63C2B299DAD000B7842 /* Build configuration list for PBXNativeTarget "Analytics_Crashlytics_RemoteConfig" */ = {
			isa = XCConfigurationList;
			buildConfigurations = (
				D4E7D63D2B299DAD000B7842 /* Debug */,
				D4E7D63E2B299DAD000B7842 /* Release */,
			);
			defaultConfigurationIsVisible = 0;
			defaultConfigurationName = Release;
		};
/* End XCConfigurationList section */

/* Begin XCRemoteSwiftPackageReference section */
		D4E7D63F2B299E8E000B7842 /* XCRemoteSwiftPackageReference "firebase-ios-sdk" */ = {
			isa = XCRemoteSwiftPackageReference;
			repositoryURL = "https://github.com/firebase/firebase-ios-sdk.git";
			requirement = {
				branch = master;
				kind = branch;
			};
		};
/* End XCRemoteSwiftPackageReference section */

/* Begin XCSwiftPackageProductDependency section */
		D4E7D6402B299E8E000B7842 /* FirebaseAnalytics */ = {
			isa = XCSwiftPackageProductDependency;
			package = D4E7D63F2B299E8E000B7842 /* XCRemoteSwiftPackageReference "firebase-ios-sdk" */;
			productName = FirebaseAnalytics;
		};
		D4E7D6422B299E8E000B7842 /* FirebaseAnalyticsOnDeviceConversion */ = {
			isa = XCSwiftPackageProductDependency;
			package = D4E7D63F2B299E8E000B7842 /* XCRemoteSwiftPackageReference "firebase-ios-sdk" */;
			productName = FirebaseAnalyticsOnDeviceConversion;
		};
		D4E7D6442B299E8E000B7842 /* FirebaseAnalyticsSwift */ = {
			isa = XCSwiftPackageProductDependency;
			package = D4E7D63F2B299E8E000B7842 /* XCRemoteSwiftPackageReference "firebase-ios-sdk" */;
			productName = FirebaseAnalyticsSwift;
		};
		D4E7D6462B299E8E000B7842 /* FirebaseAnalyticsWithoutAdIdSupport */ = {
			isa = XCSwiftPackageProductDependency;
			package = D4E7D63F2B299E8E000B7842 /* XCRemoteSwiftPackageReference "firebase-ios-sdk" */;
			productName = FirebaseAnalyticsWithoutAdIdSupport;
		};
		D4E7D6482B299E8E000B7842 /* FirebaseCrashlytics */ = {
			isa = XCSwiftPackageProductDependency;
			package = D4E7D63F2B299E8E000B7842 /* XCRemoteSwiftPackageReference "firebase-ios-sdk" */;
			productName = FirebaseCrashlytics;
		};
		D4E7D64A2B299E8E000B7842 /* FirebaseRemoteConfig */ = {
			isa = XCSwiftPackageProductDependency;
			package = D4E7D63F2B299E8E000B7842 /* XCRemoteSwiftPackageReference "firebase-ios-sdk" */;
			productName = FirebaseRemoteConfig;
		};
		D4E7D64C2B299E8E000B7842 /* FirebaseRemoteConfigSwift */ = {
			isa = XCSwiftPackageProductDependency;
			package = D4E7D63F2B299E8E000B7842 /* XCRemoteSwiftPackageReference "firebase-ios-sdk" */;
			productName = FirebaseRemoteConfigSwift;
		};
/* End XCSwiftPackageProductDependency section */
	};
	rootObject = D4E7D6202B299DAB000B7842 /* Project object */;
}
